[root]
name = "amp"
version = "0.0.1"
dependencies = [
 "pad 0.1.3 (registry+https://github.com/rust-lang/crates.io-index)",
 "rustbox 0.4.3 (registry+https://github.com/rust-lang/crates.io-index)",
 "scribe 0.0.3 (registry+https://github.com/rust-lang/crates.io-index)",
]

[[package]]
name = "bitflags"
version = "0.1.1"
source = "registry+https://github.com/rust-lang/crates.io-index"

[[package]]
name = "luthor"
version = "0.0.2"
source = "registry+https://github.com/rust-lang/crates.io-index"

[[package]]
name = "pad"
version = "0.1.3"
source = "registry+https://github.com/rust-lang/crates.io-index"

[[package]]
name = "rustbox"
version = "0.4.3"
source = "registry+https://github.com/rust-lang/crates.io-index"
dependencies = [
 "bitflags 0.1.1 (registry+https://github.com/rust-lang/crates.io-index)",
 "termbox-sys 0.2.3 (registry+https://github.com/rust-lang/crates.io-index)",
]

[[package]]
name = "scribe"
version = "0.0.3"
source = "registry+https://github.com/rust-lang/crates.io-index"
dependencies = [
 "luthor 0.0.2 (registry+https://github.com/rust-lang/crates.io-index)",
]

[[package]]
name = "termbox-sys"
version = "0.2.3"
source = "registry+https://github.com/rust-lang/crates.io-index"

